
Microsoft Visual Studio Solution File, Format Version 12.00
# Visual Studio Version 16
VisualStudioVersion = 16.0.30011.22
MinimumVisualStudioVersion = 10.0.40219.1
Project("{9A19103F-16F7-4668-BE54-9A1E7A4F7556}") = "DataAccess", "DataAccess\DataAccess.csproj", "{16B0206B-49EF-48C4-84E2-120F25D01DB9}"
EndProject
Project("{9A19103F-16F7-4668-BE54-9A1E7A4F7556}") = "Business", "Business\Business.csproj", "{7A7863C3-EBD0-4018-BD13-E495FC9E4FB8}"
EndProject
Project("{9A19103F-16F7-4668-BE54-9A1E7A4F7556}") = "Entities", "Entities\Entities.csproj", "{72F34F9E-B2FF-44BC-AF18-18F438734E48}"
EndProject
Project("{9A19103F-16F7-4668-BE54-9A1E7A4F7556}") = "ConsoleUI", "ConsoleUI\ConsoleUI.csproj", "{D2E189AA-83C7-41DF-A293-AEEDE80FE8CA}"
EndProject
Project("{FAE04EC0-301F-11D3-BF4B-00C04F79EFBC}") = "Core", "Core\Core.csproj", "{4CF55B87-D55C-4EBD-8F20-ED807E8B5113}"
EndProject
Global
	GlobalSection(SolutionConfigurationPlatforms) = preSolution
		Debug|Any CPU = Debug|Any CPU
		Release|Any CPU = Release|Any CPU
	EndGlobalSection
	GlobalSection(ProjectConfigurationPlatforms) = postSolution
		{16B0206B-49EF-48C4-84E2-120F25D01DB9}.Debug|Any CPU.ActiveCfg = Debug|Any CPU
		{16B0206B-49EF-48C4-84E2-120F25D01DB9}.Debug|Any CPU.Build.0 = Debug|Any CPU
		{16B0206B-49EF-48C4-84E2-120F25D01DB9}.Release|Any CPU.ActiveCfg = Release|Any CPU
		{16B0206B-49EF-48C4-84E2-120F25D01DB9}.Release|Any CPU.Build.0 = Release|Any CPU
		{7A7863C3-EBD0-4018-BD13-E495FC9E4FB8}.Debug|Any CPU.ActiveCfg = Debug|Any CPU
		{7A7863C3-EBD0-4018-BD13-E495FC9E4FB8}.Debug|Any CPU.Build.0 = Debug|Any CPU
		{7A7863C3-EBD0-4018-BD13-E495FC9E4FB8}.Release|Any CPU.ActiveCfg = Release|Any CPU
		{7A7863C3-EBD0-4018-BD13-E495FC9E4FB8}.Release|Any CPU.Build.0 = Release|Any CPU
		{72F34F9E-B2FF-44BC-AF18-18F438734E48}.Debug|Any CPU.ActiveCfg = Debug|Any CPU
		{72F34F9E-B2FF-44BC-AF18-18F438734E48}.Debug|Any CPU.Build.0 = Debug|Any CPU
		{72F34F9E-B2FF-44BC-AF18-18F438734E48}.Release|Any CPU.ActiveCfg = Release|Any CPU
		{72F34F9E-B2FF-44BC-AF18-18F438734E48}.Release|Any CPU.Build.0 = Release|Any CPU
		{D2E189AA-83C7-41DF-A293-AEEDE80FE8CA}.Debug|Any CPU.ActiveCfg = Debug|Any CPU
		{D2E189AA-83C7-41DF-A293-AEEDE80FE8CA}.Debug|Any CPU.Build.0 = Debug|Any CPU
		{D2E189AA-83C7-41DF-A293-AEEDE80FE8CA}.Release|Any CPU.ActiveCfg = Release|Any CPU
		{D2E189AA-83C7-41DF-A293-AEEDE80FE8CA}.Release|Any CPU.Build.0 = Release|Any CPU
		{4CF55B87-D55C-4EBD-8F20-ED807E8B5113}.Debug|Any CPU.ActiveCfg = Debug|Any CPU
		{4CF55B87-D55C-4EBD-8F20-ED807E8B5113}.Debug|Any CPU.Build.0 = Debug|Any CPU
		{4CF55B87-D55C-4EBD-8F20-ED807E8B5113}.Release|Any CPU.ActiveCfg = Release|Any CPU
		{4CF55B87-D55C-4EBD-8F20-ED807E8B5113}.Release|Any CPU.Build.0 = Release|Any CPU
	EndGlobalSection
	GlobalSection(SolutionProperties) = preSolution
		HideSolutionNode = FALSE
	EndGlobalSection
	GlobalSection(ExtensibilityGlobals) = postSolution
		SolutionGuid = {DE3D8A9A-5A5E-4C93-934B-57684773CB25}
	EndGlobalSection
EndGlobal
